// !$*UTF8*$!
{
	archiveVersion = 1;
	classes = {
	};
	objectVersion = 46;
	objects = {

/* Begin PBXBuildFile section */
		3D1C150B22D83CED00B18376 /* AppDelegate.swift in Sources */ = {isa = PBXBuildFile; fileRef = 3D1C150A22D83CED00B18376 /* AppDelegate.swift */; };
		3D1C150D22D83CED00B18376 /* ViewController.swift in Sources */ = {isa = PBXBuildFile; fileRef = 3D1C150C22D83CED00B18376 /* ViewController.swift */; };
		3D1C151022D83CED00B18376 /* Main.storyboard in Resources */ = {isa = PBXBuildFile; fileRef = 3D1C150E22D83CED00B18376 /* Main.storyboard */; };
		3D1C151222D83CED00B18376 /* Assets.xcassets in Resources */ = {isa = PBXBuildFile; fileRef = 3D1C151122D83CED00B18376 /* Assets.xcassets */; };
		3D1C151522D83CED00B18376 /* LaunchScreen.storyboard in Resources */ = {isa = PBXBuildFile; fileRef = 3D1C151322D83CED00B18376 /* LaunchScreen.storyboard */; };
		3D1C152022D83CED00B18376 /* CarnivorousGameTests.swift in Sources */ = {isa = PBXBuildFile; fileRef = 3D1C151F22D83CED00B18376 /* CarnivorousGameTests.swift */; };
		3D1C152B22D83CED00B18376 /* CarnivorousGameUITests.swift in Sources */ = {isa = PBXBuildFile; fileRef = 3D1C152A22D83CED00B18376 /* CarnivorousGameUITests.swift */; };
		3D1C153B22D86C4300B18376 /* LastViewController.swift in Sources */ = {isa = PBXBuildFile; fileRef = 3D1C153A22D86C4300B18376 /* LastViewController.swift */; };
		3DEE8F2622E2E80D00DEAE0C /* HomeViewController.swift in Sources */ = {isa = PBXBuildFile; fileRef = 3DEE8F2522E2E80D00DEAE0C /* HomeViewController.swift */; };
/* End PBXBuildFile section */

/* Begin PBXContainerItemProxy section */
		3D1C151C22D83CED00B18376 /* PBXContainerItemProxy */ = {
			isa = PBXContainerItemProxy;
			containerPortal = 3D1C14FF22D83CED00B18376 /* Project object */;
			proxyType = 1;
			remoteGlobalIDString = 3D1C150622D83CED00B18376;
			remoteInfo = CarnivorousGame;
		};
		3D1C152722D83CED00B18376 /* PBXContainerItemProxy */ = {
			isa = PBXContainerItemProxy;
			containerPortal = 3D1C14FF22D83CED00B18376 /* Project object */;
			proxyType = 1;
			remoteGlobalIDString = 3D1C150622D83CED00B18376;
			remoteInfo = CarnivorousGame;
		};
/* End PBXContainerItemProxy section */

/* Begin PBXFileReference section */
		3D1C150722D83CED00B18376 /* CarnivorousGame.app */ = {isa = PBXFileReference; explicitFileType = wrapper.application; includeInIndex = 0; path = CarnivorousGame.app; sourceTree = BUILT_PRODUCTS_DIR; };
		3D1C150A22D83CED00B18376 /* AppDelegate.swift */ = {isa = PBXFileReference; lastKnownFileType = sourcecode.swift; path = AppDelegate.swift; sourceTree = "<group>"; };
		3D1C150C22D83CED00B18376 /* ViewController.swift */ = {isa = PBXFileReference; lastKnownFileType = sourcecode.swift; path = ViewController.swift; sourceTree = "<group>"; };
		3D1C150F22D83CED00B18376 /* Base */ = {isa = PBXFileReference; lastKnownFileType = file.storyboard; name = Base; path = Base.lproj/Main.storyboard; sourceTree = "<group>"; };
		3D1C151122D83CED00B18376 /* Assets.xcassets */ = {isa = PBXFileReference; lastKnownFileType = folder.assetcatalog; path = Assets.xcassets; sourceTree = "<group>"; };
		3D1C151422D83CED00B18376 /* Base */ = {isa = PBXFileReference; lastKnownFileType = file.storyboard; name = Base; path = Base.lproj/LaunchScreen.storyboard; sourceTree = "<group>"; };
		3D1C151622D83CED00B18376 /* Info.plist */ = {isa = PBXFileReference; lastKnownFileType = text.plist.xml; path = Info.plist; sourceTree = "<group>"; };
		3D1C151B22D83CED00B18376 /* CarnivorousGameTests.xctest */ = {isa = PBXFileReference; explicitFileType = wrapper.cfbundle; includeInIndex = 0; path = CarnivorousGameTests.xctest; sourceTree = BUILT_PRODUCTS_DIR; };
		3D1C151F22D83CED00B18376 /* CarnivorousGameTests.swift */ = {isa = PBXFileReference; lastKnownFileType = sourcecode.swift; path = CarnivorousGameTests.swift; sourceTree = "<group>"; };
		3D1C152122D83CED00B18376 /* Info.plist */ = {isa = PBXFileReference; lastKnownFileType = text.plist.xml; path = Info.plist; sourceTree = "<group>"; };
		3D1C152622D83CED00B18376 /* CarnivorousGameUITests.xctest */ = {isa = PBXFileReference; explicitFileType = wrapper.cfbundle; includeInIndex = 0; path = CarnivorousGameUITests.xctest; sourceTree = BUILT_PRODUCTS_DIR; };
		3D1C152A22D83CED00B18376 /* CarnivorousGameUITests.swift */ = {isa = PBXFileReference; lastKnownFileType = sourcecode.swift; path = CarnivorousGameUITests.swift; sourceTree = "<group>"; };
		3D1C152C22D83CED00B18376 /* Info.plist */ = {isa = PBXFileReference; lastKnownFileType = text.plist.xml; path = Info.plist; sourceTree = "<group>"; };
		3D1C153A22D86C4300B18376 /* LastViewController.swift */ = {isa = PBXFileReference; fileEncoding = 4; lastKnownFileType = sourcecode.swift; path = LastViewController.swift; sourceTree = "<group>"; };
		3DEE8F2522E2E80D00DEAE0C /* HomeViewController.swift */ = {isa = PBXFileReference; fileEncoding = 4; lastKnownFileType = sourcecode.swift; path = HomeViewController.swift; sourceTree = "<group>"; };
/* End PBXFileReference section */

/* Begin PBXFrameworksBuildPhase section */
		3D1C150422D83CED00B18376 /* Frameworks */ = {
			isa = PBXFrameworksBuildPhase;
			buildActionMask = 2147483647;
			files = (
			);
			runOnlyForDeploymentPostprocessing = 0;
		};
		3D1C151822D83CED00B18376 /* Frameworks */ = {
			isa = PBXFrameworksBuildPhase;
			buildActionMask = 2147483647;
			files = (
			);
			runOnlyForDeploymentPostprocessing = 0;
		};
		3D1C152322D83CED00B18376 /* Frameworks */ = {
			isa = PBXFrameworksBuildPhase;
			buildActionMask = 2147483647;
			files = (
			);
			runOnlyForDeploymentPostprocessing = 0;
		};
/* End PBXFrameworksBuildPhase section */

/* Begin PBXGroup section */
		3D1C14FE22D83CED00B18376 = {
			isa = PBXGroup;
			children = (
				3D1C150922D83CED00B18376 /* CarnivorousGame */,
				3D1C151E22D83CED00B18376 /* CarnivorousGameTests */,
				3D1C152922D83CED00B18376 /* CarnivorousGameUITests */,
				3D1C150822D83CED00B18376 /* Products */,
			);
			sourceTree = "<group>";
		};
		3D1C150822D83CED00B18376 /* Products */ = {
			isa = PBXGroup;
			children = (
				3D1C150722D83CED00B18376 /* CarnivorousGame.app */,
				3D1C151B22D83CED00B18376 /* CarnivorousGameTests.xctest */,
				3D1C152622D83CED00B18376 /* CarnivorousGameUITests.xctest */,
			);
			name = Products;
			sourceTree = "<group>";
		};
		3D1C150922D83CED00B18376 /* CarnivorousGame */ = {
			isa = PBXGroup;
			children = (
				3D1C150A22D83CED00B18376 /* AppDelegate.swift */,
				3D1C150C22D83CED00B18376 /* ViewController.swift */,
				3D1C153A22D86C4300B18376 /* LastViewController.swift */,
				3D1C150E22D83CED00B18376 /* Main.storyboard */,
				3DEE8F2522E2E80D00DEAE0C /* HomeViewController.swift */,
				3D1C151122D83CED00B18376 /* Assets.xcassets */,
				3D1C151322D83CED00B18376 /* LaunchScreen.storyboard */,
				3D1C151622D83CED00B18376 /* Info.plist */,
			);
			path = CarnivorousGame;
			sourceTree = "<group>";
		};
		3D1C151E22D83CED00B18376 /* CarnivorousGameTests */ = {
			isa = PBXGroup;
			children = (
				3D1C151F22D83CED00B18376 /* CarnivorousGameTests.swift */,
				3D1C152122D83CED00B18376 /* Info.plist */,
			);
			path = CarnivorousGameTests;
			sourceTree = "<group>";
		};
		3D1C152922D83CED00B18376 /* CarnivorousGameUITests */ = {
			isa = PBXGroup;
			children = (
				3D1C152A22D83CED00B18376 /* CarnivorousGameUITests.swift */,
				3D1C152C22D83CED00B18376 /* Info.plist */,
			);
			path = CarnivorousGameUITests;
			sourceTree = "<group>";
		};
/* End PBXGroup section */

/* Begin PBXNativeTarget section */
		3D1C150622D83CED00B18376 /* CarnivorousGame */ = {
			isa = PBXNativeTarget;
			buildConfigurationList = 3D1C152F22D83CED00B18376 /* Build configuration list for PBXNativeTarget "CarnivorousGame" */;
			buildPhases = (
				3D1C150322D83CED00B18376 /* Sources */,
				3D1C150422D83CED00B18376 /* Frameworks */,
				3D1C150522D83CED00B18376 /* Resources */,
			);
			buildRules = (
			);
			dependencies = (
			);
			name = CarnivorousGame;
			productName = CarnivorousGame;
			productReference = 3D1C150722D83CED00B18376 /* CarnivorousGame.app */;
			productType = "com.apple.product-type.application";
		};
		3D1C151A22D83CED00B18376 /* CarnivorousGameTests */ = {
			isa = PBXNativeTarget;
			buildConfigurationList = 3D1C153222D83CED00B18376 /* Build configuration list for PBXNativeTarget "CarnivorousGameTests" */;
			buildPhases = (
				3D1C151722D83CED00B18376 /* Sources */,
				3D1C151822D83CED00B18376 /* Frameworks */,
				3D1C151922D83CED00B18376 /* Resources */,
			);
			buildRules = (
			);
			dependencies = (
				3D1C151D22D83CED00B18376 /* PBXTargetDependency */,
			);
			name = CarnivorousGameTests;
			productName = CarnivorousGameTests;
			productReference = 3D1C151B22D83CED00B18376 /* CarnivorousGameTests.xctest */;
			productType = "com.apple.product-type.bundle.unit-test";
		};
		3D1C152522D83CED00B18376 /* CarnivorousGameUITests */ = {
			isa = PBXNativeTarget;
			buildConfigurationList = 3D1C153522D83CED00B18376 /* Build configuration list for PBXNativeTarget "CarnivorousGameUITests" */;
			buildPhases = (
				3D1C152222D83CED00B18376 /* Sources */,
				3D1C152322D83CED00B18376 /* Frameworks */,
				3D1C152422D83CED00B18376 /* Resources */,
			);
			buildRules = (
			);
			dependencies = (
				3D1C152822D83CED00B18376 /* PBXTargetDependency */,
			);
			name = CarnivorousGameUITests;
			productName = CarnivorousGameUITests;
			productReference = 3D1C152622D83CED00B18376 /* CarnivorousGameUITests.xctest */;
			productType = "com.apple.product-type.bundle.ui-testing";
		};
/* End PBXNativeTarget section */

/* Begin PBXProject section */
		3D1C14FF22D83CED00B18376 /* Project object */ = {
			isa = PBXProject;
			attributes = {
				LastSwiftUpdateCheck = 0830;
				LastUpgradeCheck = 0830;
				ORGANIZATIONNAME = "Nakamura Tomone";
				TargetAttributes = {
					3D1C150622D83CED00B18376 = {
						CreatedOnToolsVersion = 8.3;
						ProvisioningStyle = Automatic;
					};
					3D1C151A22D83CED00B18376 = {
						CreatedOnToolsVersion = 8.3;
						ProvisioningStyle = Automatic;
						TestTargetID = 3D1C150622D83CED00B18376;
					};
					3D1C152522D83CED00B18376 = {
						CreatedOnToolsVersion = 8.3;
						ProvisioningStyle = Automatic;
						TestTargetID = 3D1C150622D83CED00B18376;
					};
				};
			};
			buildConfigurationList = 3D1C150222D83CED00B18376 /* Build configuration list for PBXProject "CarnivorousGame" */;
			compatibilityVersion = "Xcode 3.2";
			developmentRegion = English;
			hasScannedForEncodings = 0;
			knownRegions = (
				en,
				Base,
			);
			mainGroup = 3D1C14FE22D83CED00B18376;
			productRefGroup = 3D1C150822D83CED00B18376 /* Products */;
			projectDirPath = "";
			projectRoot = "";
			targets = (
				3D1C150622D83CED00B18376 /* CarnivorousGame */,
				3D1C151A22D83CED00B18376 /* CarnivorousGameTests */,
				3D1C152522D83CED00B18376 /* CarnivorousGameUITests */,
			);
		};
/* End PBXProject section */

/* Begin PBXResourcesBuildPhase section */
		3D1C150522D83CED00B18376 /* Resources */ = {
			isa = PBXResourcesBuildPhase;
			buildActionMask = 2147483647;
			files = (
				3D1C151522D83CED00B18376 /* LaunchScreen.storyboard in Resources */,
				3D1C151222D83CED00B18376 /* Assets.xcassets in Resources */,
				3D1C151022D83CED00B18376 /* Main.storyboard in Resources */,
			);
			runOnlyForDeploymentPostprocessing = 0;
		};
		3D1C151922D83CED00B18376 /* Resources */ = {
			isa = PBXResourcesBuildPhase;
			buildActionMask = 2147483647;
			files = (
			);
			runOnlyForDeploymentPostprocessing = 0;
		};
		3D1C152422D83CED00B18376 /* Resources */ = {
			isa = PBXResourcesBuildPhase;
			buildActionMask = 2147483647;
			files = (
			);
			runOnlyForDeploymentPostprocessing = 0;
		};
/* End PBXResourcesBuildPhase section */

/* Begin PBXSourcesBuildPhase section */
		3D1C150322D83CED00B18376 /* Sources */ = {
			isa = PBXSourcesBuildPhase;
			buildActionMask = 2147483647;
			files = (
				3D1C150D22D83CED00B18376 /* ViewController.swift in Sources */,
				3D1C153B22D86C4300B18376 /* LastViewController.swift in Sources */,
				3D1C150B22D83CED00B18376 /* AppDelegate.swift in Sources */,
				3DEE8F2622E2E80D00DEAE0C /* HomeViewController.swift in Sources */,
			);
			runOnlyForDeploymentPostprocessing = 0;
		};
		3D1C151722D83CED00B18376 /* Sources */ = {
			isa = PBXSourcesBuildPhase;
			buildActionMask = 2147483647;
			files = (
				3D1C152022D83CED00B18376 /* CarnivorousGameTests.swift in Sources */,
			);
			runOnlyForDeploymentPostprocessing = 0;
		};
		3D1C152222D83CED00B18376 /* Sources */ = {
			isa = PBXSourcesBuildPhase;
			buildActionMask = 2147483647;
			files = (
				3D1C152B22D83CED00B18376 /* CarnivorousGameUITests.swift in Sources */,
			);
			runOnlyForDeploymentPostprocessing = 0;
		};
/* End PBXSourcesBuildPhase section */

/* Begin PBXTargetDependency section */
		3D1C151D22D83CED00B18376 /* PBXTargetDependency */ = {
			isa = PBXTargetDependency;
			target = 3D1C150622D83CED00B18376 /* CarnivorousGame */;
			targetProxy = 3D1C151C22D83CED00B18376 /* PBXContainerItemProxy */;
		};
		3D1C152822D83CED00B18376 /* PBXTargetDependency */ = {
			isa = PBXTargetDependency;
			target = 3D1C150622D83CED00B18376 /* CarnivorousGame */;
			targetProxy = 3D1C152722D83CED00B18376 /* PBXContainerItemProxy */;
		};
/* End PBXTargetDependency section */

/* Begin PBXVariantGroup section */
		3D1C150E22D83CED00B18376 /* Main.storyboard */ = {
			isa = PBXVariantGroup;
			children = (
				3D1C150F22D83CED00B18376 /* Base */,
			);
			name = Main.storyboard;
			sourceTree = "<group>";
		};
		3D1C151322D83CED00B18376 /* LaunchScreen.storyboard */ = {
			isa = PBXVariantGroup;
			children = (
				3D1C151422D83CED00B18376 /* Base */,
			);
			name = LaunchScreen.storyboard;
			sourceTree = "<group>";
		};
/* End PBXVariantGroup section */

/* Begin XCBuildConfiguration section */
		3D1C152D22D83CED00B18376 /* Debug */ = {
			isa = XCBuildConfiguration;
			buildSettings = {
				ALWAYS_SEARCH_USER_PATHS = NO;
				CLANG_ANALYZER_NONNULL = YES;
				CLANG_ANALYZER_NUMBER_OBJECT_CONVERSION = YES_AGGRESSIVE;
				CLANG_CXX_LANGUAGE_STANDARD = "gnu++0x";
				CLANG_CXX_LIBRARY = "libc++";
				CLANG_ENABLE_MODULES = YES;
				CLANG_ENABLE_OBJC_ARC = YES;
				CLANG_WARN_BOOL_CONVERSION = YES;
				CLANG_WARN_CONSTANT_CONVERSION = YES;
				CLANG_WARN_DIRECT_OBJC_ISA_USAGE = YES_ERROR;
				CLANG_WARN_DOCUMENTATION_COMMENTS = YES;
				CLANG_WARN_EMPTY_BODY = YES;
				CLANG_WARN_ENUM_CONVERSION = YES;
				CLANG_WARN_INFINITE_RECURSION = YES;
				CLANG_WARN_INT_CONVERSION = YES;
				CLANG_WARN_OBJC_ROOT_CLASS = YES_ERROR;
				CLANG_WARN_SUSPICIOUS_MOVE = YES;
				CLANG_WARN_UNREACHABLE_CODE = YES;
				CLANG_WARN__DUPLICATE_METHOD_MATCH = YES;
				"CODE_SIGN_IDENTITY[sdk=iphoneos*]" = "iPhone Developer";
				COPY_PHASE_STRIP = NO;
				DEBUG_INFORMATION_FORMAT = dwarf;
				ENABLE_STRICT_OBJC_MSGSEND = YES;
				ENABLE_TESTABILITY = YES;
				GCC_C_LANGUAGE_STANDARD = gnu99;
				GCC_DYNAMIC_NO_PIC = NO;
				GCC_NO_COMMON_BLOCKS = YES;
				GCC_OPTIMIZATION_LEVEL = 0;
				GCC_PREPROCESSOR_DEFINITIONS = (
					"DEBUG=1",
					"$(inherited)",
				);
				GCC_WARN_64_TO_32_BIT_CONVERSION = YES;
				GCC_WARN_ABOUT_RETURN_TYPE = YES_ERROR;
				GCC_WARN_UNDECLARED_SELECTOR = YES;
				GCC_WARN_UNINITIALIZED_AUTOS = YES_AGGRESSIVE;
				GCC_WARN_UNUSED_FUNCTION = YES;
				GCC_WARN_UNUSED_VARIABLE = YES;
				IPHONEOS_DEPLOYMENT_TARGET = 10.3;
				MTL_ENABLE_DEBUG_INFO = YES;
				ONLY_ACTIVE_ARCH = YES;
				SDKROOT = iphoneos;
				SWIFT_ACTIVE_COMPILATION_CONDITIONS = DEBUG;
				SWIFT_OPTIMIZATION_LEVEL = "-Onone";
				TARGETED_DEVICE_FAMILY = "1,2";
			};
			name = Debug;
		};
		3D1C152E22D83CED00B18376 /* Release */ = {
			isa = XCBuildConfiguration;
			buildSettings = {
				ALWAYS_SEARCH_USER_PATHS = NO;
				CLANG_ANALYZER_NONNULL = YES;
				CLANG_ANALYZER_NUMBER_OBJECT_CONVERSION = YES_AGGRESSIVE;
				CLANG_CXX_LANGUAGE_STANDARD = "gnu++0x";
				CLANG_CXX_LIBRARY = "libc++";
				CLANG_ENABLE_MODULES = YES;
				CLANG_ENABLE_OBJC_ARC = YES;
				CLANG_WARN_BOOL_CONVERSION = YES;
				CLANG_WARN_CONSTANT_CONVERSION = YES;
				CLANG_WARN_DIRECT_OBJC_ISA_USAGE = YES_ERROR;
				CLANG_WARN_DOCUMENTATION_COMMENTS = YES;
				CLANG_WARN_EMPTY_BODY = YES;
				CLANG_WARN_ENUM_CONVERSION = YES;
				CLANG_WARN_INFINITE_RECURSION = YES;
				CLANG_WARN_INT_CONVERSION = YES;
				CLANG_WARN_OBJC_ROOT_CLASS = YES_ERROR;
				CLANG_WARN_SUSPICIOUS_MOVE = YES;
				CLANG_WARN_UNREACHABLE_CODE = YES;
				CLANG_WARN__DUPLICATE_METHOD_MATCH = YES;
				"CODE_SIGN_IDENTITY[sdk=iphoneos*]" = "iPhone Developer";
				COPY_PHASE_STRIP = NO;
				DEBUG_INFORMATION_FORMAT = "dwarf-with-dsym";
				ENABLE_NS_ASSERTIONS = NO;
				ENABLE_STRICT_OBJC_MSGSEND = YES;
				GCC_C_LANGUAGE_STANDARD = gnu99;
				GCC_NO_COMMON_BLOCKS = YES;
				GCC_WARN_64_TO_32_BIT_CONVERSION = YES;
				GCC_WARN_ABOUT_RETURN_TYPE = YES_ERROR;
				GCC_WARN_UNDECLARED_SELECTOR = YES;
				GCC_WARN_UNINITIALIZED_AUTOS = YES_AGGRESSIVE;
				GCC_WARN_UNUSED_FUNCTION = YES;
				GCC_WARN_UNUSED_VARIABLE = YES;
				IPHONEOS_DEPLOYMENT_TARGET = 10.3;
				MTL_ENABLE_DEBUG_INFO = NO;
				SDKROOT = iphoneos;
				SWIFT_OPTIMIZATION_LEVEL = "-Owholemodule";
				TARGETED_DEVICE_FAMILY = "1,2";
				VALIDATE_PRODUCT = YES;
			};
			name = Release;
		};
		3D1C153022D83CED00B18376 /* Debug */ = {
			isa = XCBuildConfiguration;
			buildSettings = {
				ASSETCATALOG_COMPILER_APPICON_NAME = AppIcon;
				INFOPLIST_FILE = CarnivorousGame/Info.plist;
				LD_RUNPATH_SEARCH_PATHS = "$(inherited) @executable_path/Frameworks";
				PRODUCT_BUNDLE_IDENTIFIER = mone.CarnivorousGame;
				PRODUCT_NAME = "$(TARGET_NAME)";
				SWIFT_VERSION = 3.0;
				TARGETED_DEVICE_FAMILY = "1,2";
			};
			name = Debug;
		};
		3D1C153122D83CED00B18376 /* Release */ = {
			isa = XCBuildConfiguration;
			buildSettings = {
				ASSETCATALOG_COMPILER_APPICON_NAME = AppIcon;
				INFOPLIST_FILE = CarnivorousGame/Info.plist;
				LD_RUNPATH_SEARCH_PATHS = "$(inherited) @executable_path/Frameworks";
				PRODUCT_BUNDLE_IDENTIFIER = mone.CarnivorousGame;
				PRODUCT_NAME = "$(TARGET_NAME)";
				SWIFT_VERSION = 3.0;
				TARGETED_DEVICE_FAMILY = "1,2";
			};
			name = Release;
		};
		3D1C153322D83CED00B18376 /* Debug */ = {
			isa = XCBuildConfiguration;
			buildSettings = {
				ALWAYS_EMBED_SWIFT_STANDARD_LIBRARIES = YES;
				BUNDLE_LOADER = "$(TEST_HOST)";
				INFOPLIST_FILE = CarnivorousGameTests/Info.plist;
				LD_RUNPATH_SEARCH_PATHS = "$(inherited) @executable_path/Frameworks @loader_path/Frameworks";
				PRODUCT_BUNDLE_IDENTIFIER = mone.CarnivorousGameTests;
				PRODUCT_NAME = "$(TARGET_NAME)";
				SWIFT_VERSION = 3.0;
				TEST_HOST = "$(BUILT_PRODUCTS_DIR)/CarnivorousGame.app/CarnivorousGame";
			};
			name = Debug;
		};
		3D1C153422D83CED00B18376 /* Release */ = {
			isa = XCBuildConfiguration;
			buildSettings = {
				ALWAYS_EMBED_SWIFT_STANDARD_LIBRARIES = YES;
				BUNDLE_LOADER = "$(TEST_HOST)";
				INFOPLIST_FILE = CarnivorousGameTests/Info.plist;
				LD_RUNPATH_SEARCH_PATHS = "$(inherited) @executable_path/Frameworks @loader_path/Frameworks";
				PRODUCT_BUNDLE_IDENTIFIER = mone.CarnivorousGameTests;
				PRODUCT_NAME = "$(TARGET_NAME)";
				SWIFT_VERSION = 3.0;
				TEST_HOST = "$(BUILT_PRODUCTS_DIR)/CarnivorousGame.app/CarnivorousGame";
			};
			name = Release;
		};
		3D1C153622D83CED00B18376 /* Debug */ = {
			isa = XCBuildConfiguration;
			buildSettings = {
				ALWAYS_EMBED_SWIFT_STANDARD_LIBRARIES = YES;
				INFOPLIST_FILE = CarnivorousGameUITests/Info.plist;
				LD_RUNPATH_SEARCH_PATHS = "$(inherited) @executable_path/Frameworks @loader_path/Frameworks";
				PRODUCT_BUNDLE_IDENTIFIER = mone.CarnivorousGameUITests;
				PRODUCT_NAME = "$(TARGET_NAME)";
				SWIFT_VERSION = 3.0;
				TEST_TARGET_NAME = CarnivorousGame;
			};
			name = Debug;
		};
		3D1C153722D83CED00B18376 /* Release */ = {
			isa = XCBuildConfiguration;
			buildSettings = {
				ALWAYS_EMBED_SWIFT_STANDARD_LIBRARIES = YES;
				INFOPLIST_FILE = CarnivorousGameUITests/Info.plist;
				LD_RUNPATH_SEARCH_PATHS = "$(inherited) @executable_path/Frameworks @loader_path/Frameworks";
				PRODUCT_BUNDLE_IDENTIFIER = mone.CarnivorousGameUITests;
				PRODUCT_NAME = "$(TARGET_NAME)";
				SWIFT_VERSION = 3.0;
				TEST_TARGET_NAME = CarnivorousGame;
			};
			name = Release;
		};
/* End XCBuildConfiguration section */

/* Begin XCConfigurationList section */
		3D1C150222D83CED00B18376 /* Build configuration list for PBXProject "CarnivorousGame" */ = {
			isa = XCConfigurationList;
			buildConfigurations = (
				3D1C152D22D83CED00B18376 /* Debug */,
				3D1C152E22D83CED00B18376 /* Release */,
			);
			defaultConfigurationIsVisible = 0;
			defaultConfigurationName = Release;
		};
		3D1C152F22D83CED00B18376 /* Build configuration list for PBXNativeTarget "CarnivorousGame" */ = {
			isa = XCConfigurationList;
			buildConfigurations = (
				3D1C153022D83CED00B18376 /* Debug */,
				3D1C153122D83CED00B18376 /* Release */,
			);
			defaultConfigurationIsVisible = 0;
			defaultConfigurationName = Release;
		};
		3D1C153222D83CED00B18376 /* Build configuration list for PBXNativeTarget "CarnivorousGameTests" */ = {
			isa = XCConfigurationList;
			buildConfigurations = (
				3D1C153322D83CED00B18376 /* Debug */,
				3D1C153422D83CED00B18376 /* Release */,
			);
			defaultConfigurationIsVisible = 0;
			defaultConfigurationName = Release;
		};
		3D1C153522D83CED00B18376 /* Build configuration list for PBXNativeTarget "CarnivorousGameUITests" */ = {
			isa = XCConfigurationList;
			buildConfigurations = (
				3D1C153622D83CED00B18376 /* Debug */,
				3D1C153722D83CED00B18376 /* Release */,
			);
			defaultConfigurationIsVisible = 0;
			defaultConfigurationName = Release;
		};
/* End XCConfigurationList section */
	};
	rootObject = 3D1C14FF22D83CED00B18376 /* Project object */;
}
